
Microsoft Visual Studio Solution File, Format Version 12.00
# Visual Studio Version 16
VisualStudioVersion = 16.0.30804.86
MinimumVisualStudioVersion = 10.0.40219.1
Project("{9A19103F-16F7-4668-BE54-9A1E7A4F7556}") = "InstemTest.Web", "InstemTest.Web\InstemTest.Web.csproj", "{60539FF2-37AA-4C6A-AFBC-5422C9904E72}"
EndProject
Project("{9A19103F-16F7-4668-BE54-9A1E7A4F7556}") = "InstemTest_Tests", "InstemTest_Tests\InstemTest_Tests.csproj", "{11775477-E87B-4D3A-8C85-8657863DFD3E}"
EndProject
Project("{FAE04EC0-301F-11D3-BF4B-00C04F79EFBC}") = "InstemTest.HttpApi", "InstemTest.HttpApi\InstemTest.HttpApi.csproj", "{30A241EB-2BE9-48D5-935F-966C79D1F4FC}"
EndProject
Project("{FAE04EC0-301F-11D3-BF4B-00C04F79EFBC}") = "InstemTest.Boundary", "InstemTest.Boundary\InstemTest.Boundary.csproj", "{E8F6F68B-FCD3-4DB6-A39B-617A2543B8FA}"
EndProject
Project("{FAE04EC0-301F-11D3-BF4B-00C04F79EFBC}") = "InstemTest.Adapter", "InstemTest.Adapter\InstemTest.Adapter.csproj", "{7FEF88C2-6B91-4363-9BCA-EEF72875EFCA}"
EndProject
Project("{FAE04EC0-301F-11D3-BF4B-00C04F79EFBC}") = "InstemTest.Service", "InstemTest.Service\InstemTest.Service.csproj", "{696EADDC-882A-4F9E-B131-FB7FF8A30F94}"
EndProject
Project("{FAE04EC0-301F-11D3-BF4B-00C04F79EFBC}") = "InstemTest.SharedSdk", "InstemTest.SharedSdk\InstemTest.SharedSdk.csproj", "{F50E474B-753C-4BF0-B4C4-4624D6EC27C2}"
EndProject
Global
	GlobalSection(SolutionConfigurationPlatforms) = preSolution
		Debug|Any CPU = Debug|Any CPU
		Release|Any CPU = Release|Any CPU
	EndGlobalSection
	GlobalSection(ProjectConfigurationPlatforms) = postSolution
		{60539FF2-37AA-4C6A-AFBC-5422C9904E72}.Debug|Any CPU.ActiveCfg = Debug|Any CPU
		{60539FF2-37AA-4C6A-AFBC-5422C9904E72}.Debug|Any CPU.Build.0 = Debug|Any CPU
		{60539FF2-37AA-4C6A-AFBC-5422C9904E72}.Release|Any CPU.ActiveCfg = Release|Any CPU
		{60539FF2-37AA-4C6A-AFBC-5422C9904E72}.Release|Any CPU.Build.0 = Release|Any CPU
		{11775477-E87B-4D3A-8C85-8657863DFD3E}.Debug|Any CPU.ActiveCfg = Debug|Any CPU
		{11775477-E87B-4D3A-8C85-8657863DFD3E}.Debug|Any CPU.Build.0 = Debug|Any CPU
		{11775477-E87B-4D3A-8C85-8657863DFD3E}.Release|Any CPU.ActiveCfg = Release|Any CPU
		{11775477-E87B-4D3A-8C85-8657863DFD3E}.Release|Any CPU.Build.0 = Release|Any CPU
		{30A241EB-2BE9-48D5-935F-966C79D1F4FC}.Debug|Any CPU.ActiveCfg = Debug|Any CPU
		{30A241EB-2BE9-48D5-935F-966C79D1F4FC}.Debug|Any CPU.Build.0 = Debug|Any CPU
		{30A241EB-2BE9-48D5-935F-966C79D1F4FC}.Release|Any CPU.ActiveCfg = Release|Any CPU
		{30A241EB-2BE9-48D5-935F-966C79D1F4FC}.Release|Any CPU.Build.0 = Release|Any CPU
		{E8F6F68B-FCD3-4DB6-A39B-617A2543B8FA}.Debug|Any CPU.ActiveCfg = Debug|Any CPU
		{E8F6F68B-FCD3-4DB6-A39B-617A2543B8FA}.Debug|Any CPU.Build.0 = Debug|Any CPU
		{E8F6F68B-FCD3-4DB6-A39B-617A2543B8FA}.Release|Any CPU.ActiveCfg = Release|Any CPU
		{E8F6F68B-FCD3-4DB6-A39B-617A2543B8FA}.Release|Any CPU.Build.0 = Release|Any CPU
		{7FEF88C2-6B91-4363-9BCA-EEF72875EFCA}.Debug|Any CPU.ActiveCfg = Debug|Any CPU
		{7FEF88C2-6B91-4363-9BCA-EEF72875EFCA}.Debug|Any CPU.Build.0 = Debug|Any CPU
		{7FEF88C2-6B91-4363-9BCA-EEF72875EFCA}.Release|Any CPU.ActiveCfg = Release|Any CPU
		{7FEF88C2-6B91-4363-9BCA-EEF72875EFCA}.Release|Any CPU.Build.0 = Release|Any CPU
		{696EADDC-882A-4F9E-B131-FB7FF8A30F94}.Debug|Any CPU.ActiveCfg = Debug|Any CPU
		{696EADDC-882A-4F9E-B131-FB7FF8A30F94}.Debug|Any CPU.Build.0 = Debug|Any CPU
		{696EADDC-882A-4F9E-B131-FB7FF8A30F94}.Release|Any CPU.ActiveCfg = Release|Any CPU
		{696EADDC-882A-4F9E-B131-FB7FF8A30F94}.Release|Any CPU.Build.0 = Release|Any CPU
		{F50E474B-753C-4BF0-B4C4-4624D6EC27C2}.Debug|Any CPU.ActiveCfg = Debug|Any CPU
		{F50E474B-753C-4BF0-B4C4-4624D6EC27C2}.Debug|Any CPU.Build.0 = Debug|Any CPU
		{F50E474B-753C-4BF0-B4C4-4624D6EC27C2}.Release|Any CPU.ActiveCfg = Release|Any CPU
		{F50E474B-753C-4BF0-B4C4-4624D6EC27C2}.Release|Any CPU.Build.0 = Release|Any CPU
	EndGlobalSection
	GlobalSection(SolutionProperties) = preSolution
		HideSolutionNode = FALSE
	EndGlobalSection
	GlobalSection(ExtensibilityGlobals) = postSolution
		SolutionGuid = {059E9CB8-AA7C-4199-841E-B9A4E303C31C}
	EndGlobalSection
EndGlobal
